
Microsoft Visual Studio Solution File, Format Version 12.00
# Visual Studio Version 17
VisualStudioVersion = 17.9.34622.214
MinimumVisualStudioVersion = 10.0.40219.1
Project("{FAE04EC0-301F-11D3-BF4B-00C04F79EFBC}") = "WallyBackend", "WallyBackend\WallyBackend.csproj", "{DE820668-D555-419A-BD8D-A1A0A23D83D5}"
EndProject
Project("{FAE04EC0-301F-11D3-BF4B-00C04F79EFBC}") = "WallyBackend.core", "WallyBackend.core\WallyBackend.core.csproj", "{708B62F0-7F85-405F-A058-62DD736807AA}"
EndProject
Project("{FAE04EC0-301F-11D3-BF4B-00C04F79EFBC}") = "WallyBackend.Infrastructure", "WallyBackend.Infrastructure\WallyBackend.Infrastructure.csproj", "{8C0248E7-9567-4F45-8226-2564B250B288}"
EndProject
Global
	GlobalSection(SolutionConfigurationPlatforms) = preSolution
		Debug|Any CPU = Debug|Any CPU
		Release|Any CPU = Release|Any CPU
	EndGlobalSection
	GlobalSection(ProjectConfigurationPlatforms) = postSolution
		{DE820668-D555-419A-BD8D-A1A0A23D83D5}.Debug|Any CPU.ActiveCfg = Debug|Any CPU
		{DE820668-D555-419A-BD8D-A1A0A23D83D5}.Debug|Any CPU.Build.0 = Debug|Any CPU
		{DE820668-D555-419A-BD8D-A1A0A23D83D5}.Release|Any CPU.ActiveCfg = Release|Any CPU
		{DE820668-D555-419A-BD8D-A1A0A23D83D5}.Release|Any CPU.Build.0 = Release|Any CPU
		{708B62F0-7F85-405F-A058-62DD736807AA}.Debug|Any CPU.ActiveCfg = Debug|Any CPU
		{708B62F0-7F85-405F-A058-62DD736807AA}.Debug|Any CPU.Build.0 = Debug|Any CPU
		{708B62F0-7F85-405F-A058-62DD736807AA}.Release|Any CPU.ActiveCfg = Release|Any CPU
		{708B62F0-7F85-405F-A058-62DD736807AA}.Release|Any CPU.Build.0 = Release|Any CPU
		{8C0248E7-9567-4F45-8226-2564B250B288}.Debug|Any CPU.ActiveCfg = Debug|Any CPU
		{8C0248E7-9567-4F45-8226-2564B250B288}.Debug|Any CPU.Build.0 = Debug|Any CPU
		{8C0248E7-9567-4F45-8226-2564B250B288}.Release|Any CPU.ActiveCfg = Release|Any CPU
		{8C0248E7-9567-4F45-8226-2564B250B288}.Release|Any CPU.Build.0 = Release|Any CPU
	EndGlobalSection
	GlobalSection(SolutionProperties) = preSolution
		HideSolutionNode = FALSE
	EndGlobalSection
	GlobalSection(ExtensibilityGlobals) = postSolution
		SolutionGuid = {B206FEB5-0298-4126-81B9-35EF6E51635A}
	EndGlobalSection
EndGlobal
